// !$*UTF8*$!
{
	archiveVersion = 1;
	classes = {
	};
	objectVersion = 56;
	objects = {

/* Begin PBXBuildFile section */
		FBD6735F2CBEA52B00DDD828 /* ExomindTestApp.swift in Sources */ = {isa = PBXBuildFile; fileRef = FBD6735E2CBEA52B00DDD828 /* ExomindTestApp.swift */; };
		FBD673612CBEA52B00DDD828 /* ContentView.swift in Sources */ = {isa = PBXBuildFile; fileRef = FBD673602CBEA52B00DDD828 /* ContentView.swift */; };
		FBD673632CBEA52C00DDD828 /* Assets.xcassets in Resources */ = {isa = PBXBuildFile; fileRef = FBD673622CBEA52C00DDD828 /* Assets.xcassets */; };
		FBD673672CBEA52C00DDD828 /* Preview Assets.xcassets in Resources */ = {isa = PBXBuildFile; fileRef = FBD673662CBEA52C00DDD828 /* Preview Assets.xcassets */; };
		FBD673712CBEA52C00DDD828 /* ExomindTestTests.swift in Sources */ = {isa = PBXBuildFile; fileRef = FBD673702CBEA52C00DDD828 /* ExomindTestTests.swift */; };
		FBD6737B2CBEA52C00DDD828 /* ExomindTestUITests.swift in Sources */ = {isa = PBXBuildFile; fileRef = FBD6737A2CBEA52C00DDD828 /* ExomindTestUITests.swift */; };
		FBD6737D2CBEA52C00DDD828 /* ExomindTestUITestsLaunchTests.swift in Sources */ = {isa = PBXBuildFile; fileRef = FBD6737C2CBEA52C00DDD828 /* ExomindTestUITestsLaunchTests.swift */; };
/* End PBXBuildFile section */

/* Begin PBXContainerItemProxy section */
		FBD6736D2CBEA52C00DDD828 /* PBXContainerItemProxy */ = {
			isa = PBXContainerItemProxy;
			containerPortal = FBD673532CBEA52B00DDD828 /* Project object */;
			proxyType = 1;
			remoteGlobalIDString = FBD6735A2CBEA52B00DDD828;
			remoteInfo = ExomindTest;
		};
		FBD673772CBEA52C00DDD828 /* PBXContainerItemProxy */ = {
			isa = PBXContainerItemProxy;
			containerPortal = FBD673532CBEA52B00DDD828 /* Project object */;
			proxyType = 1;
			remoteGlobalIDString = FBD6735A2CBEA52B00DDD828;
			remoteInfo = ExomindTest;
		};
/* End PBXContainerItemProxy section */

/* Begin PBXFileReference section */
		FBD6735B2CBEA52B00DDD828 /* ExomindTest.app */ = {isa = PBXFileReference; explicitFileType = wrapper.application; includeInIndex = 0; path = ExomindTest.app; sourceTree = BUILT_PRODUCTS_DIR; };
		FBD6735E2CBEA52B00DDD828 /* ExomindTestApp.swift */ = {isa = PBXFileReference; lastKnownFileType = sourcecode.swift; path = ExomindTestApp.swift; sourceTree = "<group>"; };
		FBD673602CBEA52B00DDD828 /* ContentView.swift */ = {isa = PBXFileReference; lastKnownFileType = sourcecode.swift; path = ContentView.swift; sourceTree = "<group>"; };
		FBD673622CBEA52C00DDD828 /* Assets.xcassets */ = {isa = PBXFileReference; lastKnownFileType = folder.assetcatalog; path = Assets.xcassets; sourceTree = "<group>"; };
		FBD673642CBEA52C00DDD828 /* ExomindTest.entitlements */ = {isa = PBXFileReference; lastKnownFileType = text.plist.entitlements; path = ExomindTest.entitlements; sourceTree = "<group>"; };
		FBD673662CBEA52C00DDD828 /* Preview Assets.xcassets */ = {isa = PBXFileReference; lastKnownFileType = folder.assetcatalog; path = "Preview Assets.xcassets"; sourceTree = "<group>"; };
		FBD6736C2CBEA52C00DDD828 /* ExomindTestTests.xctest */ = {isa = PBXFileReference; explicitFileType = wrapper.cfbundle; includeInIndex = 0; path = ExomindTestTests.xctest; sourceTree = BUILT_PRODUCTS_DIR; };
		FBD673702CBEA52C00DDD828 /* ExomindTestTests.swift */ = {isa = PBXFileReference; lastKnownFileType = sourcecode.swift; path = ExomindTestTests.swift; sourceTree = "<group>"; };
		FBD673762CBEA52C00DDD828 /* ExomindTestUITests.xctest */ = {isa = PBXFileReference; explicitFileType = wrapper.cfbundle; includeInIndex = 0; path = ExomindTestUITests.xctest; sourceTree = BUILT_PRODUCTS_DIR; };
		FBD6737A2CBEA52C00DDD828 /* ExomindTestUITests.swift */ = {isa = PBXFileReference; lastKnownFileType = sourcecode.swift; path = ExomindTestUITests.swift; sourceTree = "<group>"; };
		FBD6737C2CBEA52C00DDD828 /* ExomindTestUITestsLaunchTests.swift */ = {isa = PBXFileReference; lastKnownFileType = sourcecode.swift; path = ExomindTestUITestsLaunchTests.swift; sourceTree = "<group>"; };
/* End PBXFileReference section */

/* Begin PBXFrameworksBuildPhase section */
		FBD673582CBEA52B00DDD828 /* Frameworks */ = {
			isa = PBXFrameworksBuildPhase;
			buildActionMask = 2147483647;
			files = (
			);
			runOnlyForDeploymentPostprocessing = 0;
		};
		FBD673692CBEA52C00DDD828 /* Frameworks */ = {
			isa = PBXFrameworksBuildPhase;
			buildActionMask = 2147483647;
			files = (
			);
			runOnlyForDeploymentPostprocessing = 0;
		};
		FBD673732CBEA52C00DDD828 /* Frameworks */ = {
			isa = PBXFrameworksBuildPhase;
			buildActionMask = 2147483647;
			files = (
			);
			runOnlyForDeploymentPostprocessing = 0;
		};
/* End PBXFrameworksBuildPhase section */

/* Begin PBXGroup section */
		FBD673522CBEA52B00DDD828 = {
			isa = PBXGroup;
			children = (
				FBD6735D2CBEA52B00DDD828 /* ExomindTest */,
				FBD6736F2CBEA52C00DDD828 /* ExomindTestTests */,
				FBD673792CBEA52C00DDD828 /* ExomindTestUITests */,
				FBD6735C2CBEA52B00DDD828 /* Products */,
			);
			sourceTree = "<group>";
		};
		FBD6735C2CBEA52B00DDD828 /* Products */ = {
			isa = PBXGroup;
			children = (
				FBD6735B2CBEA52B00DDD828 /* ExomindTest.app */,
				FBD6736C2CBEA52C00DDD828 /* ExomindTestTests.xctest */,
				FBD673762CBEA52C00DDD828 /* ExomindTestUITests.xctest */,
			);
			name = Products;
			sourceTree = "<group>";
		};
		FBD6735D2CBEA52B00DDD828 /* ExomindTest */ = {
			isa = PBXGroup;
			children = (
				FBD6735E2CBEA52B00DDD828 /* ExomindTestApp.swift */,
				FBD673602CBEA52B00DDD828 /* ContentView.swift */,
				FBD673622CBEA52C00DDD828 /* Assets.xcassets */,
				FBD673642CBEA52C00DDD828 /* ExomindTest.entitlements */,
				FBD673652CBEA52C00DDD828 /* Preview Content */,
			);
			path = ExomindTest;
			sourceTree = "<group>";
		};
		FBD673652CBEA52C00DDD828 /* Preview Content */ = {
			isa = PBXGroup;
			children = (
				FBD673662CBEA52C00DDD828 /* Preview Assets.xcassets */,
			);
			path = "Preview Content";
			sourceTree = "<group>";
		};
		FBD6736F2CBEA52C00DDD828 /* ExomindTestTests */ = {
			isa = PBXGroup;
			children = (
				FBD673702CBEA52C00DDD828 /* ExomindTestTests.swift */,
			);
			path = ExomindTestTests;
			sourceTree = "<group>";
		};
		FBD673792CBEA52C00DDD828 /* ExomindTestUITests */ = {
			isa = PBXGroup;
			children = (
				FBD6737A2CBEA52C00DDD828 /* ExomindTestUITests.swift */,
				FBD6737C2CBEA52C00DDD828 /* ExomindTestUITestsLaunchTests.swift */,
			);
			path = ExomindTestUITests;
			sourceTree = "<group>";
		};
/* End PBXGroup section */

/* Begin PBXNativeTarget section */
		FBD6735A2CBEA52B00DDD828 /* ExomindTest */ = {
			isa = PBXNativeTarget;
			buildConfigurationList = FBD673802CBEA52C00DDD828 /* Build configuration list for PBXNativeTarget "ExomindTest" */;
			buildPhases = (
				FBD673572CBEA52B00DDD828 /* Sources */,
				FBD673582CBEA52B00DDD828 /* Frameworks */,
				FBD673592CBEA52B00DDD828 /* Resources */,
			);
			buildRules = (
			);
			dependencies = (
			);
			name = ExomindTest;
			productName = ExomindTest;
			productReference = FBD6735B2CBEA52B00DDD828 /* ExomindTest.app */;
			productType = "com.apple.product-type.application";
		};
		FBD6736B2CBEA52C00DDD828 /* ExomindTestTests */ = {
			isa = PBXNativeTarget;
			buildConfigurationList = FBD673832CBEA52C00DDD828 /* Build configuration list for PBXNativeTarget "ExomindTestTests" */;
			buildPhases = (
				FBD673682CBEA52C00DDD828 /* Sources */,
				FBD673692CBEA52C00DDD828 /* Frameworks */,
				FBD6736A2CBEA52C00DDD828 /* Resources */,
			);
			buildRules = (
			);
			dependencies = (
				FBD6736E2CBEA52C00DDD828 /* PBXTargetDependency */,
			);
			name = ExomindTestTests;
			productName = ExomindTestTests;
			productReference = FBD6736C2CBEA52C00DDD828 /* ExomindTestTests.xctest */;
			productType = "com.apple.product-type.bundle.unit-test";
		};
		FBD673752CBEA52C00DDD828 /* ExomindTestUITests */ = {
			isa = PBXNativeTarget;
			buildConfigurationList = FBD673862CBEA52C00DDD828 /* Build configuration list for PBXNativeTarget "ExomindTestUITests" */;
			buildPhases = (
				FBD673722CBEA52C00DDD828 /* Sources */,
				FBD673732CBEA52C00DDD828 /* Frameworks */,
				FBD673742CBEA52C00DDD828 /* Resources */,
			);
			buildRules = (
			);
			dependencies = (
				FBD673782CBEA52C00DDD828 /* PBXTargetDependency */,
			);
			name = ExomindTestUITests;
			productName = ExomindTestUITests;
			productReference = FBD673762CBEA52C00DDD828 /* ExomindTestUITests.xctest */;
			productType = "com.apple.product-type.bundle.ui-testing";
		};
/* End PBXNativeTarget section */

/* Begin PBXProject section */
		FBD673532CBEA52B00DDD828 /* Project object */ = {
			isa = PBXProject;
			attributes = {
				BuildIndependentTargetsInParallel = 1;
				LastSwiftUpdateCheck = 1530;
				LastUpgradeCheck = 1530;
				TargetAttributes = {
					FBD6735A2CBEA52B00DDD828 = {
						CreatedOnToolsVersion = 15.3;
					};
					FBD6736B2CBEA52C00DDD828 = {
						CreatedOnToolsVersion = 15.3;
						TestTargetID = FBD6735A2CBEA52B00DDD828;
					};
					FBD673752CBEA52C00DDD828 = {
						CreatedOnToolsVersion = 15.3;
						TestTargetID = FBD6735A2CBEA52B00DDD828;
					};
				};
			};
			buildConfigurationList = FBD673562CBEA52B00DDD828 /* Build configuration list for PBXProject "ExomindTest" */;
			compatibilityVersion = "Xcode 14.0";
			developmentRegion = en;
			hasScannedForEncodings = 0;
			knownRegions = (
				en,
				Base,
			);
			mainGroup = FBD673522CBEA52B00DDD828;
			productRefGroup = FBD6735C2CBEA52B00DDD828 /* Products */;
			projectDirPath = "";
			projectRoot = "";
			targets = (
				FBD6735A2CBEA52B00DDD828 /* ExomindTest */,
				FBD6736B2CBEA52C00DDD828 /* ExomindTestTests */,
				FBD673752CBEA52C00DDD828 /* ExomindTestUITests */,
			);
		};
/* End PBXProject section */

/* Begin PBXResourcesBuildPhase section */
		FBD673592CBEA52B00DDD828 /* Resources */ = {
			isa = PBXResourcesBuildPhase;
			buildActionMask = 2147483647;
			files = (
				FBD673672CBEA52C00DDD828 /* Preview Assets.xcassets in Resources */,
				FBD673632CBEA52C00DDD828 /* Assets.xcassets in Resources */,
			);
			runOnlyForDeploymentPostprocessing = 0;
		};
		FBD6736A2CBEA52C00DDD828 /* Resources */ = {
			isa = PBXResourcesBuildPhase;
			buildActionMask = 2147483647;
			files = (
			);
			runOnlyForDeploymentPostprocessing = 0;
		};
		FBD673742CBEA52C00DDD828 /* Resources */ = {
			isa = PBXResourcesBuildPhase;
			buildActionMask = 2147483647;
			files = (
			);
			runOnlyForDeploymentPostprocessing = 0;
		};
/* End PBXResourcesBuildPhase section */

/* Begin PBXSourcesBuildPhase section */
		FBD673572CBEA52B00DDD828 /* Sources */ = {
			isa = PBXSourcesBuildPhase;
			buildActionMask = 2147483647;
			files = (
				FBD673612CBEA52B00DDD828 /* ContentView.swift in Sources */,
				FBD6735F2CBEA52B00DDD828 /* ExomindTestApp.swift in Sources */,
			);
			runOnlyForDeploymentPostprocessing = 0;
		};
		FBD673682CBEA52C00DDD828 /* Sources */ = {
			isa = PBXSourcesBuildPhase;
			buildActionMask = 2147483647;
			files = (
				FBD673712CBEA52C00DDD828 /* ExomindTestTests.swift in Sources */,
			);
			runOnlyForDeploymentPostprocessing = 0;
		};
		FBD673722CBEA52C00DDD828 /* Sources */ = {
			isa = PBXSourcesBuildPhase;
			buildActionMask = 2147483647;
			files = (
				FBD6737B2CBEA52C00DDD828 /* ExomindTestUITests.swift in Sources */,
				FBD6737D2CBEA52C00DDD828 /* ExomindTestUITestsLaunchTests.swift in Sources */,
			);
			runOnlyForDeploymentPostprocessing = 0;
		};
/* End PBXSourcesBuildPhase section */

/* Begin PBXTargetDependency section */
		FBD6736E2CBEA52C00DDD828 /* PBXTargetDependency */ = {
			isa = PBXTargetDependency;
			target = FBD6735A2CBEA52B00DDD828 /* ExomindTest */;
			targetProxy = FBD6736D2CBEA52C00DDD828 /* PBXContainerItemProxy */;
		};
		FBD673782CBEA52C00DDD828 /* PBXTargetDependency */ = {
			isa = PBXTargetDependency;
			target = FBD6735A2CBEA52B00DDD828 /* ExomindTest */;
			targetProxy = FBD673772CBEA52C00DDD828 /* PBXContainerItemProxy */;
		};
/* End PBXTargetDependency section */

/* Begin XCBuildConfiguration section */
		FBD6737E2CBEA52C00DDD828 /* Debug */ = {
			isa = XCBuildConfiguration;
			buildSettings = {
				ALWAYS_SEARCH_USER_PATHS = NO;
				ASSETCATALOG_COMPILER_GENERATE_SWIFT_ASSET_SYMBOL_EXTENSIONS = YES;
				CLANG_ANALYZER_NONNULL = YES;
				CLANG_ANALYZER_NUMBER_OBJECT_CONVERSION = YES_AGGRESSIVE;
				CLANG_CXX_LANGUAGE_STANDARD = "gnu++20";
				CLANG_ENABLE_MODULES = YES;
				CLANG_ENABLE_OBJC_ARC = YES;
				CLANG_ENABLE_OBJC_WEAK = YES;
				CLANG_WARN_BLOCK_CAPTURE_AUTORELEASING = YES;
				CLANG_WARN_BOOL_CONVERSION = YES;
				CLANG_WARN_COMMA = YES;
				CLANG_WARN_CONSTANT_CONVERSION = YES;
				CLANG_WARN_DEPRECATED_OBJC_IMPLEMENTATIONS = YES;
				CLANG_WARN_DIRECT_OBJC_ISA_USAGE = YES_ERROR;
				CLANG_WARN_DOCUMENTATION_COMMENTS = YES;
				CLANG_WARN_EMPTY_BODY = YES;
				CLANG_WARN_ENUM_CONVERSION = YES;
				CLANG_WARN_INFINITE_RECURSION = YES;
				CLANG_WARN_INT_CONVERSION = YES;
				CLANG_WARN_NON_LITERAL_NULL_CONVERSION = YES;
				CLANG_WARN_OBJC_IMPLICIT_RETAIN_SELF = YES;
				CLANG_WARN_OBJC_LITERAL_CONVERSION = YES;
				CLANG_WARN_OBJC_ROOT_CLASS = YES_ERROR;
				CLANG_WARN_QUOTED_INCLUDE_IN_FRAMEWORK_HEADER = YES;
				CLANG_WARN_RANGE_LOOP_ANALYSIS = YES;
				CLANG_WARN_STRICT_PROTOTYPES = YES;
				CLANG_WARN_SUSPICIOUS_MOVE = YES;
				CLANG_WARN_UNGUARDED_AVAILABILITY = YES_AGGRESSIVE;
				CLANG_WARN_UNREACHABLE_CODE = YES;
				CLANG_WARN__DUPLICATE_METHOD_MATCH = YES;
				COPY_PHASE_STRIP = NO;
				DEBUG_INFORMATION_FORMAT = dwarf;
				ENABLE_STRICT_OBJC_MSGSEND = YES;
				ENABLE_TESTABILITY = YES;
				ENABLE_USER_SCRIPT_SANDBOXING = YES;
				GCC_C_LANGUAGE_STANDARD = gnu17;
				GCC_DYNAMIC_NO_PIC = NO;
				GCC_NO_COMMON_BLOCKS = YES;
				GCC_OPTIMIZATION_LEVEL = 0;
				GCC_PREPROCESSOR_DEFINITIONS = (
					"DEBUG=1",
					"$(inherited)",
				);
				GCC_WARN_64_TO_32_BIT_CONVERSION = YES;
				GCC_WARN_ABOUT_RETURN_TYPE = YES_ERROR;
				GCC_WARN_UNDECLARED_SELECTOR = YES;
				GCC_WARN_UNINITIALIZED_AUTOS = YES_AGGRESSIVE;
				GCC_WARN_UNUSED_FUNCTION = YES;
				GCC_WARN_UNUSED_VARIABLE = YES;
				LOCALIZATION_PREFERS_STRING_CATALOGS = YES;
				MTL_ENABLE_DEBUG_INFO = INCLUDE_SOURCE;
				MTL_FAST_MATH = YES;
				ONLY_ACTIVE_ARCH = YES;
				SWIFT_ACTIVE_COMPILATION_CONDITIONS = "DEBUG $(inherited)";
				SWIFT_OPTIMIZATION_LEVEL = "-Onone";
			};
			name = Debug;
		};
		FBD6737F2CBEA52C00DDD828 /* Release */ = {
			isa = XCBuildConfiguration;
			buildSettings = {
				ALWAYS_SEARCH_USER_PATHS = NO;
				ASSETCATALOG_COMPILER_GENERATE_SWIFT_ASSET_SYMBOL_EXTENSIONS = YES;
				CLANG_ANALYZER_NONNULL = YES;
				CLANG_ANALYZER_NUMBER_OBJECT_CONVERSION = YES_AGGRESSIVE;
				CLANG_CXX_LANGUAGE_STANDARD = "gnu++20";
				CLANG_ENABLE_MODULES = YES;
				CLANG_ENABLE_OBJC_ARC = YES;
				CLANG_ENABLE_OBJC_WEAK = YES;
				CLANG_WARN_BLOCK_CAPTURE_AUTORELEASING = YES;
				CLANG_WARN_BOOL_CONVERSION = YES;
				CLANG_WARN_COMMA = YES;
				CLANG_WARN_CONSTANT_CONVERSION = YES;
				CLANG_WARN_DEPRECATED_OBJC_IMPLEMENTATIONS = YES;
				CLANG_WARN_DIRECT_OBJC_ISA_USAGE = YES_ERROR;
				CLANG_WARN_DOCUMENTATION_COMMENTS = YES;
				CLANG_WARN_EMPTY_BODY = YES;
				CLANG_WARN_ENUM_CONVERSION = YES;
				CLANG_WARN_INFINITE_RECURSION = YES;
				CLANG_WARN_INT_CONVERSION = YES;
				CLANG_WARN_NON_LITERAL_NULL_CONVERSION = YES;
				CLANG_WARN_OBJC_IMPLICIT_RETAIN_SELF = YES;
				CLANG_WARN_OBJC_LITERAL_CONVERSION = YES;
				CLANG_WARN_OBJC_ROOT_CLASS = YES_ERROR;
				CLANG_WARN_QUOTED_INCLUDE_IN_FRAMEWORK_HEADER = YES;
				CLANG_WARN_RANGE_LOOP_ANALYSIS = YES;
				CLANG_WARN_STRICT_PROTOTYPES = YES;
				CLANG_WARN_SUSPICIOUS_MOVE = YES;
				CLANG_WARN_UNGUARDED_AVAILABILITY = YES_AGGRESSIVE;
				CLANG_WARN_UNREACHABLE_CODE = YES;
				CLANG_WARN__DUPLICATE_METHOD_MATCH = YES;
				COPY_PHASE_STRIP = NO;
				DEBUG_INFORMATION_FORMAT = "dwarf-with-dsym";
				ENABLE_NS_ASSERTIONS = NO;
				ENABLE_STRICT_OBJC_MSGSEND = YES;
				ENABLE_USER_SCRIPT_SANDBOXING = YES;
				GCC_C_LANGUAGE_STANDARD = gnu17;
				GCC_NO_COMMON_BLOCKS = YES;
				GCC_WARN_64_TO_32_BIT_CONVERSION = YES;
				GCC_WARN_ABOUT_RETURN_TYPE = YES_ERROR;
				GCC_WARN_UNDECLARED_SELECTOR = YES;
				GCC_WARN_UNINITIALIZED_AUTOS = YES_AGGRESSIVE;
				GCC_WARN_UNUSED_FUNCTION = YES;
				GCC_WARN_UNUSED_VARIABLE = YES;
				LOCALIZATION_PREFERS_STRING_CATALOGS = YES;
				MTL_ENABLE_DEBUG_INFO = NO;
				MTL_FAST_MATH = YES;
				SWIFT_COMPILATION_MODE = wholemodule;
			};
			name = Release;
		};
		FBD673812CBEA52C00DDD828 /* Debug */ = {
			isa = XCBuildConfiguration;
			buildSettings = {
				ASSETCATALOG_COMPILER_APPICON_NAME = AppIcon;
				ASSETCATALOG_COMPILER_GLOBAL_ACCENT_COLOR_NAME = AccentColor;
				CODE_SIGN_ENTITLEMENTS = ExomindTest/ExomindTest.entitlements;
				CODE_SIGN_STYLE = Automatic;
				CURRENT_PROJECT_VERSION = 1;
				DEVELOPMENT_ASSET_PATHS = "\"ExomindTest/Preview Content\"";
				ENABLE_PREVIEWS = YES;
				GENERATE_INFOPLIST_FILE = YES;
				"INFOPLIST_KEY_UIApplicationSceneManifest_Generation[sdk=iphoneos*]" = YES;
				"INFOPLIST_KEY_UIApplicationSceneManifest_Generation[sdk=iphonesimulator*]" = YES;
				"INFOPLIST_KEY_UIApplicationSupportsIndirectInputEvents[sdk=iphoneos*]" = YES;
				"INFOPLIST_KEY_UIApplicationSupportsIndirectInputEvents[sdk=iphonesimulator*]" = YES;
				"INFOPLIST_KEY_UILaunchScreen_Generation[sdk=iphoneos*]" = YES;
				"INFOPLIST_KEY_UILaunchScreen_Generation[sdk=iphonesimulator*]" = YES;
				"INFOPLIST_KEY_UIStatusBarStyle[sdk=iphoneos*]" = UIStatusBarStyleDefault;
				"INFOPLIST_KEY_UIStatusBarStyle[sdk=iphonesimulator*]" = UIStatusBarStyleDefault;
				INFOPLIST_KEY_UISupportedInterfaceOrientations_iPad = "UIInterfaceOrientationPortrait UIInterfaceOrientationPortraitUpsideDown UIInterfaceOrientationLandscapeLeft UIInterfaceOrientationLandscapeRight";
				INFOPLIST_KEY_UISupportedInterfaceOrientations_iPhone = "UIInterfaceOrientationPortrait UIInterfaceOrientationLandscapeLeft UIInterfaceOrientationLandscapeRight";
				IPHONEOS_DEPLOYMENT_TARGET = 17.4;
				LD_RUNPATH_SEARCH_PATHS = "@executable_path/Frameworks";
				"LD_RUNPATH_SEARCH_PATHS[sdk=macosx*]" = "@executable_path/../Frameworks";
				MACOSX_DEPLOYMENT_TARGET = 14.3;
				MARKETING_VERSION = 1.0;
				PRODUCT_BUNDLE_IDENTIFIER = Lucas.ExomindTest;
				PRODUCT_NAME = "$(TARGET_NAME)";
				SDKROOT = auto;
				SUPPORTED_PLATFORMS = "iphoneos iphonesimulator macosx";
				SWIFT_EMIT_LOC_STRINGS = YES;
				SWIFT_VERSION = 5.0;
				TARGETED_DEVICE_FAMILY = "1,2";
			};
			name = Debug;
		};
		FBD673822CBEA52C00DDD828 /* Release */ = {
			isa = XCBuildConfiguration;
			buildSettings = {
				ASSETCATALOG_COMPILER_APPICON_NAME = AppIcon;
				ASSETCATALOG_COMPILER_GLOBAL_ACCENT_COLOR_NAME = AccentColor;
				CODE_SIGN_ENTITLEMENTS = ExomindTest/ExomindTest.entitlements;
				CODE_SIGN_STYLE = Automatic;
				CURRENT_PROJECT_VERSION = 1;
				DEVELOPMENT_ASSET_PATHS = "\"ExomindTest/Preview Content\"";
				ENABLE_PREVIEWS = YES;
				GENERATE_INFOPLIST_FILE = YES;
				"INFOPLIST_KEY_UIApplicationSceneManifest_Generation[sdk=iphoneos*]" = YES;
				"INFOPLIST_KEY_UIApplicationSceneManifest_Generation[sdk=iphonesimulator*]" = YES;
				"INFOPLIST_KEY_UIApplicationSupportsIndirectInputEvents[sdk=iphoneos*]" = YES;
				"INFOPLIST_KEY_UIApplicationSupportsIndirectInputEvents[sdk=iphonesimulator*]" = YES;
				"INFOPLIST_KEY_UILaunchScreen_Generation[sdk=iphoneos*]" = YES;
				"INFOPLIST_KEY_UILaunchScreen_Generation[sdk=iphonesimulator*]" = YES;
				"INFOPLIST_KEY_UIStatusBarStyle[sdk=iphoneos*]" = UIStatusBarStyleDefault;
				"INFOPLIST_KEY_UIStatusBarStyle[sdk=iphonesimulator*]" = UIStatusBarStyleDefault;
				INFOPLIST_KEY_UISupportedInterfaceOrientations_iPad = "UIInterfaceOrientationPortrait UIInterfaceOrientationPortraitUpsideDown UIInterfaceOrientationLandscapeLeft UIInterfaceOrientationLandscapeRight";
				INFOPLIST_KEY_UISupportedInterfaceOrientations_iPhone = "UIInterfaceOrientationPortrait UIInterfaceOrientationLandscapeLeft UIInterfaceOrientationLandscapeRight";
				IPHONEOS_DEPLOYMENT_TARGET = 17.4;
				LD_RUNPATH_SEARCH_PATHS = "@executable_path/Frameworks";
				"LD_RUNPATH_SEARCH_PATHS[sdk=macosx*]" = "@executable_path/../Frameworks";
				MACOSX_DEPLOYMENT_TARGET = 14.3;
				MARKETING_VERSION = 1.0;
				PRODUCT_BUNDLE_IDENTIFIER = Lucas.ExomindTest;
				PRODUCT_NAME = "$(TARGET_NAME)";
				SDKROOT = auto;
				SUPPORTED_PLATFORMS = "iphoneos iphonesimulator macosx";
				SWIFT_EMIT_LOC_STRINGS = YES;
				SWIFT_VERSION = 5.0;
				TARGETED_DEVICE_FAMILY = "1,2";
			};
			name = Release;
		};
		FBD673842CBEA52C00DDD828 /* Debug */ = {
			isa = XCBuildConfiguration;
			buildSettings = {
				ALWAYS_EMBED_SWIFT_STANDARD_LIBRARIES = YES;
				BUNDLE_LOADER = "$(TEST_HOST)";
				CODE_SIGN_STYLE = Automatic;
				CURRENT_PROJECT_VERSION = 1;
				GENERATE_INFOPLIST_FILE = YES;
				IPHONEOS_DEPLOYMENT_TARGET = 17.4;
				MACOSX_DEPLOYMENT_TARGET = 14.3;
				MARKETING_VERSION = 1.0;
				PRODUCT_BUNDLE_IDENTIFIER = Lucas.ExomindTestTests;
				PRODUCT_NAME = "$(TARGET_NAME)";
				SDKROOT = auto;
				SUPPORTED_PLATFORMS = "iphoneos iphonesimulator macosx";
				SWIFT_EMIT_LOC_STRINGS = NO;
				SWIFT_VERSION = 5.0;
				TARGETED_DEVICE_FAMILY = "1,2";
				TEST_HOST = "$(BUILT_PRODUCTS_DIR)/ExomindTest.app/$(BUNDLE_EXECUTABLE_FOLDER_PATH)/ExomindTest";
			};
			name = Debug;
		};
		FBD673852CBEA52C00DDD828 /* Release */ = {
			isa = XCBuildConfiguration;
			buildSettings = {
				ALWAYS_EMBED_SWIFT_STANDARD_LIBRARIES = YES;
				BUNDLE_LOADER = "$(TEST_HOST)";
				CODE_SIGN_STYLE = Automatic;
				CURRENT_PROJECT_VERSION = 1;
				GENERATE_INFOPLIST_FILE = YES;
				IPHONEOS_DEPLOYMENT_TARGET = 17.4;
				MACOSX_DEPLOYMENT_TARGET = 14.3;
				MARKETING_VERSION = 1.0;
				PRODUCT_BUNDLE_IDENTIFIER = Lucas.ExomindTestTests;
				PRODUCT_NAME = "$(TARGET_NAME)";
				SDKROOT = auto;
				SUPPORTED_PLATFORMS = "iphoneos iphonesimulator macosx";
				SWIFT_EMIT_LOC_STRINGS = NO;
				SWIFT_VERSION = 5.0;
				TARGETED_DEVICE_FAMILY = "1,2";
				TEST_HOST = "$(BUILT_PRODUCTS_DIR)/ExomindTest.app/$(BUNDLE_EXECUTABLE_FOLDER_PATH)/ExomindTest";
			};
			name = Release;
		};
		FBD673872CBEA52C00DDD828 /* Debug */ = {
			isa = XCBuildConfiguration;
			buildSettings = {
				ALWAYS_EMBED_SWIFT_STANDARD_LIBRARIES = YES;
				CODE_SIGN_STYLE = Automatic;
				CURRENT_PROJECT_VERSION = 1;
				GENERATE_INFOPLIST_FILE = YES;
				IPHONEOS_DEPLOYMENT_TARGET = 17.4;
				MACOSX_DEPLOYMENT_TARGET = 14.3;
				MARKETING_VERSION = 1.0;
				PRODUCT_BUNDLE_IDENTIFIER = Lucas.ExomindTestUITests;
				PRODUCT_NAME = "$(TARGET_NAME)";
				SDKROOT = auto;
				SUPPORTED_PLATFORMS = "iphoneos iphonesimulator macosx";
				SWIFT_EMIT_LOC_STRINGS = NO;
				SWIFT_VERSION = 5.0;
				TARGETED_DEVICE_FAMILY = "1,2";
				TEST_TARGET_NAME = ExomindTest;
			};
			name = Debug;
		};
		FBD673882CBEA52C00DDD828 /* Release */ = {
			isa = XCBuildConfiguration;
			buildSettings = {
				ALWAYS_EMBED_SWIFT_STANDARD_LIBRARIES = YES;
				CODE_SIGN_STYLE = Automatic;
				CURRENT_PROJECT_VERSION = 1;
				GENERATE_INFOPLIST_FILE = YES;
				IPHONEOS_DEPLOYMENT_TARGET = 17.4;
				MACOSX_DEPLOYMENT_TARGET = 14.3;
				MARKETING_VERSION = 1.0;
				PRODUCT_BUNDLE_IDENTIFIER = Lucas.ExomindTestUITests;
				PRODUCT_NAME = "$(TARGET_NAME)";
				SDKROOT = auto;
				SUPPORTED_PLATFORMS = "iphoneos iphonesimulator macosx";
				SWIFT_EMIT_LOC_STRINGS = NO;
				SWIFT_VERSION = 5.0;
				TARGETED_DEVICE_FAMILY = "1,2";
				TEST_TARGET_NAME = ExomindTest;
			};
			name = Release;
		};
/* End XCBuildConfiguration section */

/* Begin XCConfigurationList section */
		FBD673562CBEA52B00DDD828 /* Build configuration list for PBXProject "ExomindTest" */ = {
			isa = XCConfigurationList;
			buildConfigurations = (
				FBD6737E2CBEA52C00DDD828 /* Debug */,
				FBD6737F2CBEA52C00DDD828 /* Release */,
			);
			defaultConfigurationIsVisible = 0;
			defaultConfigurationName = Release;
		};
		FBD673802CBEA52C00DDD828 /* Build configuration list for PBXNativeTarget "ExomindTest" */ = {
			isa = XCConfigurationList;
			buildConfigurations = (
				FBD673812CBEA52C00DDD828 /* Debug */,
				FBD673822CBEA52C00DDD828 /* Release */,
			);
			defaultConfigurationIsVisible = 0;
			defaultConfigurationName = Release;
		};
		FBD673832CBEA52C00DDD828 /* Build configuration list for PBXNativeTarget "ExomindTestTests" */ = {
			isa = XCConfigurationList;
			buildConfigurations = (
				FBD673842CBEA52C00DDD828 /* Debug */,
				FBD673852CBEA52C00DDD828 /* Release */,
			);
			defaultConfigurationIsVisible = 0;
			defaultConfigurationName = Release;
		};
		FBD673862CBEA52C00DDD828 /* Build configuration list for PBXNativeTarget "ExomindTestUITests" */ = {
			isa = XCConfigurationList;
			buildConfigurations = (
				FBD673872CBEA52C00DDD828 /* Debug */,
				FBD673882CBEA52C00DDD828 /* Release */,
			);
			defaultConfigurationIsVisible = 0;
			defaultConfigurationName = Release;
		};
/* End XCConfigurationList section */
	};
	rootObject = FBD673532CBEA52B00DDD828 /* Project object */;
}
